// !$*UTF8*$!
{
	archiveVersion = 1;
	classes = {
	};
	objectVersion = 55;
	objects = {

/* Begin PBXBuildFile section */
		B404B0692AAB391C00E3062F /* staff.txt in Resources */ = {isa = PBXBuildFile; fileRef = B404B0682AAB391C00E3062F /* staff.txt */; };
		B443DF6F2D48F9DF0034C68A /* ExportDataView.swift in Sources */ = {isa = PBXBuildFile; fileRef = B443DF6E2D48F9DF0034C68A /* ExportDataView.swift */; };
		B448D10E2A0E626100C2B0FB /* ParseSwift in Frameworks */ = {isa = PBXBuildFile; productRef = B448D10D2A0E626100C2B0FB /* ParseSwift */; };
		B448D1112A0E765000C2B0FB /* DepartmentCoverDao.swift in Sources */ = {isa = PBXBuildFile; fileRef = B448D1102A0E765000C2B0FB /* DepartmentCoverDao.swift */; };
		B44ACBF02E82D2AF00EAC45E /* LoginViewModel.swift in Sources */ = {isa = PBXBuildFile; fileRef = B44ACBEF2E82D2A000EAC45E /* LoginViewModel.swift */; };
		B44ACBF22E82D48000EAC45E /* CoverUser.swift in Sources */ = {isa = PBXBuildFile; fileRef = B44ACBF12E82D47400EAC45E /* CoverUser.swift */; };
		B44ACBF62E82D62F00EAC45E /* LoginView.swift in Sources */ = {isa = PBXBuildFile; fileRef = B44ACBF52E82D62F00EAC45E /* LoginView.swift */; };
		B461AF6629BA2A50005F216E /* Date.swift in Sources */ = {isa = PBXBuildFile; fileRef = B461AF6529BA2A50005F216E /* Date.swift */; };
		B461AF6829BA6AF0005F216E /* DraftCoverView.swift in Sources */ = {isa = PBXBuildFile; fileRef = B461AF6729BA6AF0005F216E /* DraftCoverView.swift */; };
		B461AF6A29BA6BDA005F216E /* MainTabView.swift in Sources */ = {isa = PBXBuildFile; fileRef = B461AF6929BA6BDA005F216E /* MainTabView.swift */; };
		B469C45A299262F000DEB92F /* CoverManager.swift in Sources */ = {isa = PBXBuildFile; fileRef = B469C459299262F000DEB92F /* CoverManager.swift */; };
		B469C45C2992638100DEB92F /* CoverArrangement.swift in Sources */ = {isa = PBXBuildFile; fileRef = B469C45B2992638100DEB92F /* CoverArrangement.swift */; };
		B469C45E29926A9C00DEB92F /* CoverManagerTest.swift in Sources */ = {isa = PBXBuildFile; fileRef = B469C45D29926A9C00DEB92F /* CoverManagerTest.swift */; };
		B471D3E129FBE10C001C15DD /* TermDates.swift in Sources */ = {isa = PBXBuildFile; fileRef = B471D3E029FBE10C001C15DD /* TermDates.swift */; };
		B471D3E529FBE1A9001C15DD /* TermDatesFileReader.swift in Sources */ = {isa = PBXBuildFile; fileRef = B471D3E429FBE1A9001C15DD /* TermDatesFileReader.swift */; };
		B471D3E729FBE746001C15DD /* termdates.txt in Resources */ = {isa = PBXBuildFile; fileRef = B471D3E629FBE746001C15DD /* termdates.txt */; };
		B471D3E929FBE991001C15DD /* TermDatesFileReaderTest.swift in Sources */ = {isa = PBXBuildFile; fileRef = B471D3E829FBE991001C15DD /* TermDatesFileReaderTest.swift */; };
		B48116FC29924F7A003F7085 /* CoverMeApp.swift in Sources */ = {isa = PBXBuildFile; fileRef = B48116FB29924F7A003F7085 /* CoverMeApp.swift */; };
		B48116FE29924F7A003F7085 /* CoverPickerView.swift in Sources */ = {isa = PBXBuildFile; fileRef = B48116FD29924F7A003F7085 /* CoverPickerView.swift */; };
		B481170029924F7C003F7085 /* Assets.xcassets in Resources */ = {isa = PBXBuildFile; fileRef = B48116FF29924F7C003F7085 /* Assets.xcassets */; };
		B481170329924F7C003F7085 /* Preview Assets.xcassets in Resources */ = {isa = PBXBuildFile; fileRef = B481170229924F7C003F7085 /* Preview Assets.xcassets */; };
		B481170D29924F7C003F7085 /* CoverMeTests.swift in Sources */ = {isa = PBXBuildFile; fileRef = B481170C29924F7C003F7085 /* CoverMeTests.swift */; };
		B481171729924F7C003F7085 /* CoverMeUITests.swift in Sources */ = {isa = PBXBuildFile; fileRef = B481171629924F7C003F7085 /* CoverMeUITests.swift */; };
		B481171929924F7C003F7085 /* CoverMeUITestsLaunchTests.swift in Sources */ = {isa = PBXBuildFile; fileRef = B481171829924F7C003F7085 /* CoverMeUITestsLaunchTests.swift */; };
		B48117262992578A003F7085 /* Timetable.swift in Sources */ = {isa = PBXBuildFile; fileRef = B48117252992578A003F7085 /* Timetable.swift */; };
		B4811728299259F0003F7085 /* TimetableFileReader.swift in Sources */ = {isa = PBXBuildFile; fileRef = B4811727299259F0003F7085 /* TimetableFileReader.swift */; };
		B481172A29925A15003F7085 /* timetable.txt in Resources */ = {isa = PBXBuildFile; fileRef = B481172929925A15003F7085 /* timetable.txt */; };
		B481172E29925B88003F7085 /* TimetableFileReaderTest.swift in Sources */ = {isa = PBXBuildFile; fileRef = B481172D29925B87003F7085 /* TimetableFileReaderTest.swift */; };
		B4838FAE299394C500100C33 /* TimetableTest.swift in Sources */ = {isa = PBXBuildFile; fileRef = B4838FAD299394C500100C33 /* TimetableTest.swift */; };
		B4838FB02993A50C00100C33 /* devWork in Resources */ = {isa = PBXBuildFile; fileRef = B4838FAF2993A50C00100C33 /* devWork */; };
		B4838FB52993B30700100C33 /* CoverPickerViewModel.swift in Sources */ = {isa = PBXBuildFile; fileRef = B4838FB42993B30700100C33 /* CoverPickerViewModel.swift */; };
		B4AA93BC2A0425EF00CE3DDB /* CoverSetupView.swift in Sources */ = {isa = PBXBuildFile; fileRef = B4AA93BB2A0425EE00CE3DDB /* CoverSetupView.swift */; };
		B4D2DD3529C9F67E001BBA84 /* FileManager.swift in Sources */ = {isa = PBXBuildFile; fileRef = B4D2DD3429C9F67E001BBA84 /* FileManager.swift */; };
		B4D2DD3729C9F714001BBA84 /* ConfirmedCoverView.swift in Sources */ = {isa = PBXBuildFile; fileRef = B4D2DD3629C9F714001BBA84 /* ConfirmedCoverView.swift */; };
		B4D2DD3929C9FF20001BBA84 /* CoverRowItem.swift in Sources */ = {isa = PBXBuildFile; fileRef = B4D2DD3829C9FF20001BBA84 /* CoverRowItem.swift */; };
		B4D2DD3B29CA089F001BBA84 /* CoverTallyView.swift in Sources */ = {isa = PBXBuildFile; fileRef = B4D2DD3A29CA089F001BBA84 /* CoverTallyView.swift */; };
		B4D2DD5B29CC666E001BBA84 /* MailHandler.swift in Sources */ = {isa = PBXBuildFile; fileRef = B4D2DD5A29CC666E001BBA84 /* MailHandler.swift */; };
		B4E41A822A029AAA00DF19F8 /* TermDatesTest.swift in Sources */ = {isa = PBXBuildFile; fileRef = B4E41A812A029AAA00DF19F8 /* TermDatesTest.swift */; };
		B4E9C3902A0428D200E385C6 /* UserDefaults.swift in Sources */ = {isa = PBXBuildFile; fileRef = B4E9C38F2A0428D200E385C6 /* UserDefaults.swift */; };
		B4E9C3922A0444EF00E385C6 /* LaunchScreenView.swift in Sources */ = {isa = PBXBuildFile; fileRef = B4E9C3912A0444EF00E385C6 /* LaunchScreenView.swift */; };
		B4E9C3942A04493500E385C6 /* SetupViewModel.swift in Sources */ = {isa = PBXBuildFile; fileRef = B4E9C3932A04493500E385C6 /* SetupViewModel.swift */; };
		B4EE251C2B84FF5B005CCC6E /* AddCustomCoverView.swift in Sources */ = {isa = PBXBuildFile; fileRef = B4EE251B2B84FF5B005CCC6E /* AddCustomCoverView.swift */; };
		B4EE257D2B90DDB2005CCC6E /* CSVGenerator.swift in Sources */ = {isa = PBXBuildFile; fileRef = B4EE257C2B90DDB2005CCC6E /* CSVGenerator.swift */; };
		B4FE54642C93393E000033C3 /* SettingsView.swift in Sources */ = {isa = PBXBuildFile; fileRef = B4FE54632C93393E000033C3 /* SettingsView.swift */; };
		B4FE54662C933993000033C3 /* ManageTeamView.swift in Sources */ = {isa = PBXBuildFile; fileRef = B4FE54652C933993000033C3 /* ManageTeamView.swift */; };
		B4FE54682C9339A3000033C3 /* ManageTeamTimetableView.swift in Sources */ = {isa = PBXBuildFile; fileRef = B4FE54672C9339A3000033C3 /* ManageTeamTimetableView.swift */; };
/* End PBXBuildFile section */

/* Begin PBXContainerItemProxy section */
		B481170929924F7C003F7085 /* PBXContainerItemProxy */ = {
			isa = PBXContainerItemProxy;
			containerPortal = B48116F029924F7A003F7085 /* Project object */;
			proxyType = 1;
			remoteGlobalIDString = B48116F729924F7A003F7085;
			remoteInfo = CoverMe;
		};
		B481171329924F7C003F7085 /* PBXContainerItemProxy */ = {
			isa = PBXContainerItemProxy;
			containerPortal = B48116F029924F7A003F7085 /* Project object */;
			proxyType = 1;
			remoteGlobalIDString = B48116F729924F7A003F7085;
			remoteInfo = CoverMe;
		};
/* End PBXContainerItemProxy section */

/* Begin PBXFileReference section */
		B404B0682AAB391C00E3062F /* staff.txt */ = {isa = PBXFileReference; lastKnownFileType = text; path = staff.txt; sourceTree = "<group>"; };
		B443DF6E2D48F9DF0034C68A /* ExportDataView.swift */ = {isa = PBXFileReference; lastKnownFileType = sourcecode.swift; path = ExportDataView.swift; sourceTree = "<group>"; };
		B448D1102A0E765000C2B0FB /* DepartmentCoverDao.swift */ = {isa = PBXFileReference; lastKnownFileType = sourcecode.swift; path = DepartmentCoverDao.swift; sourceTree = "<group>"; };
		B44ACBEF2E82D2A000EAC45E /* LoginViewModel.swift */ = {isa = PBXFileReference; lastKnownFileType = sourcecode.swift; path = LoginViewModel.swift; sourceTree = "<group>"; };
		B44ACBF12E82D47400EAC45E /* CoverUser.swift */ = {isa = PBXFileReference; lastKnownFileType = sourcecode.swift; path = CoverUser.swift; sourceTree = "<group>"; };
		B44ACBF52E82D62F00EAC45E /* LoginView.swift */ = {isa = PBXFileReference; lastKnownFileType = sourcecode.swift; path = LoginView.swift; sourceTree = "<group>"; };
		B461AF6529BA2A50005F216E /* Date.swift */ = {isa = PBXFileReference; lastKnownFileType = sourcecode.swift; path = Date.swift; sourceTree = "<group>"; };
		B461AF6729BA6AF0005F216E /* DraftCoverView.swift */ = {isa = PBXFileReference; lastKnownFileType = sourcecode.swift; path = DraftCoverView.swift; sourceTree = "<group>"; };
		B461AF6929BA6BDA005F216E /* MainTabView.swift */ = {isa = PBXFileReference; lastKnownFileType = sourcecode.swift; path = MainTabView.swift; sourceTree = "<group>"; };
		B469C459299262F000DEB92F /* CoverManager.swift */ = {isa = PBXFileReference; lastKnownFileType = sourcecode.swift; path = CoverManager.swift; sourceTree = "<group>"; };
		B469C45B2992638100DEB92F /* CoverArrangement.swift */ = {isa = PBXFileReference; lastKnownFileType = sourcecode.swift; path = CoverArrangement.swift; sourceTree = "<group>"; };
		B469C45D29926A9C00DEB92F /* CoverManagerTest.swift */ = {isa = PBXFileReference; lastKnownFileType = sourcecode.swift; path = CoverManagerTest.swift; sourceTree = "<group>"; };
		B471D3E029FBE10C001C15DD /* TermDates.swift */ = {isa = PBXFileReference; lastKnownFileType = sourcecode.swift; path = TermDates.swift; sourceTree = "<group>"; };
		B471D3E429FBE1A9001C15DD /* TermDatesFileReader.swift */ = {isa = PBXFileReference; lastKnownFileType = sourcecode.swift; path = TermDatesFileReader.swift; sourceTree = "<group>"; };
		B471D3E629FBE746001C15DD /* termdates.txt */ = {isa = PBXFileReference; fileEncoding = 4; lastKnownFileType = text; name = termdates.txt; path = CoverMe/termdates.txt; sourceTree = SOURCE_ROOT; };
		B471D3E829FBE991001C15DD /* TermDatesFileReaderTest.swift */ = {isa = PBXFileReference; lastKnownFileType = sourcecode.swift; path = TermDatesFileReaderTest.swift; sourceTree = "<group>"; };
		B47464462BD7F46400DB0C59 /* PrivacyInfo.xcprivacy */ = {isa = PBXFileReference; lastKnownFileType = text.xml; name = PrivacyInfo.xcprivacy; path = CoverMe/PrivacyInfo.xcprivacy; sourceTree = SOURCE_ROOT; };
		B48116F829924F7A003F7085 /* CoverMe.app */ = {isa = PBXFileReference; explicitFileType = wrapper.application; includeInIndex = 0; path = CoverMe.app; sourceTree = BUILT_PRODUCTS_DIR; };
		B48116FB29924F7A003F7085 /* CoverMeApp.swift */ = {isa = PBXFileReference; lastKnownFileType = sourcecode.swift; path = CoverMeApp.swift; sourceTree = "<group>"; };
		B48116FD29924F7A003F7085 /* CoverPickerView.swift */ = {isa = PBXFileReference; lastKnownFileType = sourcecode.swift; path = CoverPickerView.swift; sourceTree = "<group>"; };
		B48116FF29924F7C003F7085 /* Assets.xcassets */ = {isa = PBXFileReference; lastKnownFileType = folder.assetcatalog; path = Assets.xcassets; sourceTree = "<group>"; };
		B481170229924F7C003F7085 /* Preview Assets.xcassets */ = {isa = PBXFileReference; lastKnownFileType = folder.assetcatalog; path = "Preview Assets.xcassets"; sourceTree = "<group>"; };
		B481170829924F7C003F7085 /* CoverMeTests.xctest */ = {isa = PBXFileReference; explicitFileType = wrapper.cfbundle; includeInIndex = 0; path = CoverMeTests.xctest; sourceTree = BUILT_PRODUCTS_DIR; };
		B481170C29924F7C003F7085 /* CoverMeTests.swift */ = {isa = PBXFileReference; lastKnownFileType = sourcecode.swift; path = CoverMeTests.swift; sourceTree = "<group>"; };
		B481171229924F7C003F7085 /* CoverMeUITests.xctest */ = {isa = PBXFileReference; explicitFileType = wrapper.cfbundle; includeInIndex = 0; path = CoverMeUITests.xctest; sourceTree = BUILT_PRODUCTS_DIR; };
		B481171629924F7C003F7085 /* CoverMeUITests.swift */ = {isa = PBXFileReference; lastKnownFileType = sourcecode.swift; path = CoverMeUITests.swift; sourceTree = "<group>"; };
		B481171829924F7C003F7085 /* CoverMeUITestsLaunchTests.swift */ = {isa = PBXFileReference; lastKnownFileType = sourcecode.swift; path = CoverMeUITestsLaunchTests.swift; sourceTree = "<group>"; };
		B48117252992578A003F7085 /* Timetable.swift */ = {isa = PBXFileReference; lastKnownFileType = sourcecode.swift; path = Timetable.swift; sourceTree = "<group>"; };
		B4811727299259F0003F7085 /* TimetableFileReader.swift */ = {isa = PBXFileReference; lastKnownFileType = sourcecode.swift; path = TimetableFileReader.swift; sourceTree = "<group>"; };
		B481172929925A15003F7085 /* timetable.txt */ = {isa = PBXFileReference; lastKnownFileType = text; path = timetable.txt; sourceTree = "<group>"; };
		B481172D29925B87003F7085 /* TimetableFileReaderTest.swift */ = {isa = PBXFileReference; lastKnownFileType = sourcecode.swift; path = TimetableFileReaderTest.swift; sourceTree = "<group>"; };
		B4838FAD299394C500100C33 /* TimetableTest.swift */ = {isa = PBXFileReference; lastKnownFileType = sourcecode.swift; path = TimetableTest.swift; sourceTree = "<group>"; };
		B4838FAF2993A50C00100C33 /* devWork */ = {isa = PBXFileReference; lastKnownFileType = text; path = devWork; sourceTree = "<group>"; };
		B4838FB42993B30700100C33 /* CoverPickerViewModel.swift */ = {isa = PBXFileReference; lastKnownFileType = sourcecode.swift; path = CoverPickerViewModel.swift; sourceTree = "<group>"; };
		B4AA93BB2A0425EE00CE3DDB /* CoverSetupView.swift */ = {isa = PBXFileReference; lastKnownFileType = sourcecode.swift; path = CoverSetupView.swift; sourceTree = "<group>"; };
		B4D2DD3429C9F67E001BBA84 /* FileManager.swift */ = {isa = PBXFileReference; lastKnownFileType = sourcecode.swift; path = FileManager.swift; sourceTree = "<group>"; };
		B4D2DD3629C9F714001BBA84 /* ConfirmedCoverView.swift */ = {isa = PBXFileReference; lastKnownFileType = sourcecode.swift; path = ConfirmedCoverView.swift; sourceTree = "<group>"; };
		B4D2DD3829C9FF20001BBA84 /* CoverRowItem.swift */ = {isa = PBXFileReference; lastKnownFileType = sourcecode.swift; path = CoverRowItem.swift; sourceTree = "<group>"; };
		B4D2DD3A29CA089F001BBA84 /* CoverTallyView.swift */ = {isa = PBXFileReference; lastKnownFileType = sourcecode.swift; path = CoverTallyView.swift; sourceTree = "<group>"; };
		B4D2DD5A29CC666E001BBA84 /* MailHandler.swift */ = {isa = PBXFileReference; lastKnownFileType = sourcecode.swift; path = MailHandler.swift; sourceTree = "<group>"; };
		B4E41A812A029AAA00DF19F8 /* TermDatesTest.swift */ = {isa = PBXFileReference; lastKnownFileType = sourcecode.swift; path = TermDatesTest.swift; sourceTree = "<group>"; };
		B4E9C38F2A0428D200E385C6 /* UserDefaults.swift */ = {isa = PBXFileReference; lastKnownFileType = sourcecode.swift; path = UserDefaults.swift; sourceTree = "<group>"; };
		B4E9C3912A0444EF00E385C6 /* LaunchScreenView.swift */ = {isa = PBXFileReference; lastKnownFileType = sourcecode.swift; path = LaunchScreenView.swift; sourceTree = "<group>"; };
		B4E9C3932A04493500E385C6 /* SetupViewModel.swift */ = {isa = PBXFileReference; lastKnownFileType = sourcecode.swift; path = SetupViewModel.swift; sourceTree = "<group>"; };
		B4EE251B2B84FF5B005CCC6E /* AddCustomCoverView.swift */ = {isa = PBXFileReference; lastKnownFileType = sourcecode.swift; path = AddCustomCoverView.swift; sourceTree = "<group>"; };
		B4EE257C2B90DDB2005CCC6E /* CSVGenerator.swift */ = {isa = PBXFileReference; lastKnownFileType = sourcecode.swift; path = CSVGenerator.swift; sourceTree = "<group>"; };
		B4FE54632C93393E000033C3 /* SettingsView.swift */ = {isa = PBXFileReference; lastKnownFileType = sourcecode.swift; path = SettingsView.swift; sourceTree = "<group>"; };
		B4FE54652C933993000033C3 /* ManageTeamView.swift */ = {isa = PBXFileReference; lastKnownFileType = sourcecode.swift; path = ManageTeamView.swift; sourceTree = "<group>"; };
		B4FE54672C9339A3000033C3 /* ManageTeamTimetableView.swift */ = {isa = PBXFileReference; lastKnownFileType = sourcecode.swift; path = ManageTeamTimetableView.swift; sourceTree = "<group>"; };
/* End PBXFileReference section */

/* Begin PBXFrameworksBuildPhase section */
		B48116F529924F7A003F7085 /* Frameworks */ = {
			isa = PBXFrameworksBuildPhase;
			buildActionMask = 2147483647;
			files = (
				B448D10E2A0E626100C2B0FB /* ParseSwift in Frameworks */,
			);
			runOnlyForDeploymentPostprocessing = 0;
		};
		B481170529924F7C003F7085 /* Frameworks */ = {
			isa = PBXFrameworksBuildPhase;
			buildActionMask = 2147483647;
			files = (
			);
			runOnlyForDeploymentPostprocessing = 0;
		};
		B481170F29924F7C003F7085 /* Frameworks */ = {
			isa = PBXFrameworksBuildPhase;
			buildActionMask = 2147483647;
			files = (
			);
			runOnlyForDeploymentPostprocessing = 0;
		};
/* End PBXFrameworksBuildPhase section */

/* Begin PBXGroup section */
		B448D10F2A0E763300C2B0FB /* Persistence */ = {
			isa = PBXGroup;
			children = (
				B448D1102A0E765000C2B0FB /* DepartmentCoverDao.swift */,
			);
			path = Persistence;
			sourceTree = "<group>";
		};
		B461AF6429BA2A3C005F216E /* Extensions */ = {
			isa = PBXGroup;
			children = (
				B461AF6529BA2A50005F216E /* Date.swift */,
				B4D2DD3429C9F67E001BBA84 /* FileManager.swift */,
				B4E9C38F2A0428D200E385C6 /* UserDefaults.swift */,
			);
			path = Extensions;
			sourceTree = "<group>";
		};
		B48116EF29924F7A003F7085 = {
			isa = PBXGroup;
			children = (
				B48116FA29924F7A003F7085 /* CoverMe */,
				B481170B29924F7C003F7085 /* CoverMeTests */,
				B481171529924F7C003F7085 /* CoverMeUITests */,
				B48116F929924F7A003F7085 /* Products */,
			);
			sourceTree = "<group>";
		};
		B48116F929924F7A003F7085 /* Products */ = {
			isa = PBXGroup;
			children = (
				B48116F829924F7A003F7085 /* CoverMe.app */,
				B481170829924F7C003F7085 /* CoverMeTests.xctest */,
				B481171229924F7C003F7085 /* CoverMeUITests.xctest */,
			);
			name = Products;
			sourceTree = "<group>";
		};
		B48116FA29924F7A003F7085 /* CoverMe */ = {
			isa = PBXGroup;
			children = (
				B47464462BD7F46400DB0C59 /* PrivacyInfo.xcprivacy */,
				B448D10F2A0E763300C2B0FB /* Persistence */,
				B461AF6429BA2A3C005F216E /* Extensions */,
				B4838FB32993B2F800100C33 /* ViewModel */,
				B4838FB22993B2CF00100C33 /* View */,
				B4838FB12993B2BE00100C33 /* Model */,
				B48116FB29924F7A003F7085 /* CoverMeApp.swift */,
				B48116FF29924F7C003F7085 /* Assets.xcassets */,
				B481170129924F7C003F7085 /* Preview Content */,
				B481172929925A15003F7085 /* timetable.txt */,
				B471D3E629FBE746001C15DD /* termdates.txt */,
				B4838FAF2993A50C00100C33 /* devWork */,
				B4D2DD5A29CC666E001BBA84 /* MailHandler.swift */,
				B404B0682AAB391C00E3062F /* staff.txt */,
				B4EE257C2B90DDB2005CCC6E /* CSVGenerator.swift */,
			);
			path = CoverMe;
			sourceTree = "<group>";
		};
		B481170129924F7C003F7085 /* Preview Content */ = {
			isa = PBXGroup;
			children = (
				B481170229924F7C003F7085 /* Preview Assets.xcassets */,
			);
			path = "Preview Content";
			sourceTree = "<group>";
		};
		B481170B29924F7C003F7085 /* CoverMeTests */ = {
			isa = PBXGroup;
			children = (
				B481170C29924F7C003F7085 /* CoverMeTests.swift */,
				B481172D29925B87003F7085 /* TimetableFileReaderTest.swift */,
				B469C45D29926A9C00DEB92F /* CoverManagerTest.swift */,
				B4838FAD299394C500100C33 /* TimetableTest.swift */,
				B471D3E829FBE991001C15DD /* TermDatesFileReaderTest.swift */,
				B4E41A812A029AAA00DF19F8 /* TermDatesTest.swift */,
			);
			path = CoverMeTests;
			sourceTree = "<group>";
		};
		B481171529924F7C003F7085 /* CoverMeUITests */ = {
			isa = PBXGroup;
			children = (
				B481171629924F7C003F7085 /* CoverMeUITests.swift */,
				B481171829924F7C003F7085 /* CoverMeUITestsLaunchTests.swift */,
			);
			path = CoverMeUITests;
			sourceTree = "<group>";
		};
		B4838FB12993B2BE00100C33 /* Model */ = {
			isa = PBXGroup;
			children = (
				B44ACBF12E82D47400EAC45E /* CoverUser.swift */,
				B48117252992578A003F7085 /* Timetable.swift */,
				B4811727299259F0003F7085 /* TimetableFileReader.swift */,
				B469C459299262F000DEB92F /* CoverManager.swift */,
				B469C45B2992638100DEB92F /* CoverArrangement.swift */,
				B471D3E029FBE10C001C15DD /* TermDates.swift */,
				B471D3E429FBE1A9001C15DD /* TermDatesFileReader.swift */,
			);
			path = Model;
			sourceTree = "<group>";
		};
		B4838FB22993B2CF00100C33 /* View */ = {
			isa = PBXGroup;
			children = (
				B48116FD29924F7A003F7085 /* CoverPickerView.swift */,
				B461AF6729BA6AF0005F216E /* DraftCoverView.swift */,
				B461AF6929BA6BDA005F216E /* MainTabView.swift */,
				B4D2DD3629C9F714001BBA84 /* ConfirmedCoverView.swift */,
				B4D2DD3829C9FF20001BBA84 /* CoverRowItem.swift */,
				B4D2DD3A29CA089F001BBA84 /* CoverTallyView.swift */,
				B4AA93BB2A0425EE00CE3DDB /* CoverSetupView.swift */,
				B4E9C3912A0444EF00E385C6 /* LaunchScreenView.swift */,
				B4EE251B2B84FF5B005CCC6E /* AddCustomCoverView.swift */,
				B4FE54632C93393E000033C3 /* SettingsView.swift */,
				B4FE54652C933993000033C3 /* ManageTeamView.swift */,
				B4FE54672C9339A3000033C3 /* ManageTeamTimetableView.swift */,
				B443DF6E2D48F9DF0034C68A /* ExportDataView.swift */,
				B44ACBF52E82D62F00EAC45E /* LoginView.swift */,
			);
			path = View;
			sourceTree = "<group>";
		};
		B4838FB32993B2F800100C33 /* ViewModel */ = {
			isa = PBXGroup;
			children = (
				B44ACBEF2E82D2A000EAC45E /* LoginViewModel.swift */,
				B4838FB42993B30700100C33 /* CoverPickerViewModel.swift */,
				B4E9C3932A04493500E385C6 /* SetupViewModel.swift */,
			);
			path = ViewModel;
			sourceTree = "<group>";
		};
/* End PBXGroup section */

/* Begin PBXNativeTarget section */
		B48116F729924F7A003F7085 /* CoverMe */ = {
			isa = PBXNativeTarget;
			buildConfigurationList = B481171C29924F7C003F7085 /* Build configuration list for PBXNativeTarget "CoverMe" */;
			buildPhases = (
				B48116F429924F7A003F7085 /* Sources */,
				B48116F529924F7A003F7085 /* Frameworks */,
				B48116F629924F7A003F7085 /* Resources */,
			);
			buildRules = (
			);
			dependencies = (
			);
			name = CoverMe;
			packageProductDependencies = (
				B448D10D2A0E626100C2B0FB /* ParseSwift */,
			);
			productName = CoverMe;
			productReference = B48116F829924F7A003F7085 /* CoverMe.app */;
			productType = "com.apple.product-type.application";
		};
		B481170729924F7C003F7085 /* CoverMeTests */ = {
			isa = PBXNativeTarget;
			buildConfigurationList = B481171F29924F7C003F7085 /* Build configuration list for PBXNativeTarget "CoverMeTests" */;
			buildPhases = (
				B481170429924F7C003F7085 /* Sources */,
				B481170529924F7C003F7085 /* Frameworks */,
				B481170629924F7C003F7085 /* Resources */,
			);
			buildRules = (
			);
			dependencies = (
				B481170A29924F7C003F7085 /* PBXTargetDependency */,
			);
			name = CoverMeTests;
			productName = CoverMeTests;
			productReference = B481170829924F7C003F7085 /* CoverMeTests.xctest */;
			productType = "com.apple.product-type.bundle.unit-test";
		};
		B481171129924F7C003F7085 /* CoverMeUITests */ = {
			isa = PBXNativeTarget;
			buildConfigurationList = B481172229924F7C003F7085 /* Build configuration list for PBXNativeTarget "CoverMeUITests" */;
			buildPhases = (
				B481170E29924F7C003F7085 /* Sources */,
				B481170F29924F7C003F7085 /* Frameworks */,
				B481171029924F7C003F7085 /* Resources */,
			);
			buildRules = (
			);
			dependencies = (
				B481171429924F7C003F7085 /* PBXTargetDependency */,
			);
			name = CoverMeUITests;
			productName = CoverMeUITests;
			productReference = B481171229924F7C003F7085 /* CoverMeUITests.xctest */;
			productType = "com.apple.product-type.bundle.ui-testing";
		};
/* End PBXNativeTarget section */

/* Begin PBXProject section */
		B48116F029924F7A003F7085 /* Project object */ = {
			isa = PBXProject;
			attributes = {
				BuildIndependentTargetsInParallel = 1;
				LastSwiftUpdateCheck = 1420;
				LastUpgradeCheck = 1420;
				TargetAttributes = {
					B48116F729924F7A003F7085 = {
						CreatedOnToolsVersion = 14.2;
					};
					B481170729924F7C003F7085 = {
						CreatedOnToolsVersion = 14.2;
						TestTargetID = B48116F729924F7A003F7085;
					};
					B481171129924F7C003F7085 = {
						CreatedOnToolsVersion = 14.2;
						TestTargetID = B48116F729924F7A003F7085;
					};
				};
			};
			buildConfigurationList = B48116F329924F7A003F7085 /* Build configuration list for PBXProject "CoverMe" */;
			compatibilityVersion = "Xcode 13.0";
			developmentRegion = en;
			hasScannedForEncodings = 0;
			knownRegions = (
				en,
				Base,
			);
			mainGroup = B48116EF29924F7A003F7085;
			packageReferences = (
				B448D10C2A0E626100C2B0FB /* XCRemoteSwiftPackageReference "Parse-Swift" */,
			);
			productRefGroup = B48116F929924F7A003F7085 /* Products */;
			projectDirPath = "";
			projectRoot = "";
			targets = (
				B48116F729924F7A003F7085 /* CoverMe */,
				B481170729924F7C003F7085 /* CoverMeTests */,
				B481171129924F7C003F7085 /* CoverMeUITests */,
			);
		};
/* End PBXProject section */

/* Begin PBXResourcesBuildPhase section */
		B48116F629924F7A003F7085 /* Resources */ = {
			isa = PBXResourcesBuildPhase;
			buildActionMask = 2147483647;
			files = (
				B481170329924F7C003F7085 /* Preview Assets.xcassets in Resources */,
				B404B0692AAB391C00E3062F /* staff.txt in Resources */,
				B4838FB02993A50C00100C33 /* devWork in Resources */,
				B481170029924F7C003F7085 /* Assets.xcassets in Resources */,
				B481172A29925A15003F7085 /* timetable.txt in Resources */,
				B471D3E729FBE746001C15DD /* termdates.txt in Resources */,
			);
			runOnlyForDeploymentPostprocessing = 0;
		};
		B481170629924F7C003F7085 /* Resources */ = {
			isa = PBXResourcesBuildPhase;
			buildActionMask = 2147483647;
			files = (
			);
			runOnlyForDeploymentPostprocessing = 0;
		};
		B481171029924F7C003F7085 /* Resources */ = {
			isa = PBXResourcesBuildPhase;
			buildActionMask = 2147483647;
			files = (
			);
			runOnlyForDeploymentPostprocessing = 0;
		};
/* End PBXResourcesBuildPhase section */

/* Begin PBXSourcesBuildPhase section */
		B48116F429924F7A003F7085 /* Sources */ = {
			isa = PBXSourcesBuildPhase;
			buildActionMask = 2147483647;
			files = (
				B461AF6829BA6AF0005F216E /* DraftCoverView.swift in Sources */,
				B471D3E129FBE10C001C15DD /* TermDates.swift in Sources */,
				B4FE54682C9339A3000033C3 /* ManageTeamTimetableView.swift in Sources */,
				B48116FE29924F7A003F7085 /* CoverPickerView.swift in Sources */,
				B4AA93BC2A0425EF00CE3DDB /* CoverSetupView.swift in Sources */,
				B4EE251C2B84FF5B005CCC6E /* AddCustomCoverView.swift in Sources */,
				B4E9C3942A04493500E385C6 /* SetupViewModel.swift in Sources */,
				B48116FC29924F7A003F7085 /* CoverMeApp.swift in Sources */,
				B469C45C2992638100DEB92F /* CoverArrangement.swift in Sources */,
				B4D2DD3729C9F714001BBA84 /* ConfirmedCoverView.swift in Sources */,
				B4838FB52993B30700100C33 /* CoverPickerViewModel.swift in Sources */,
				B461AF6A29BA6BDA005F216E /* MainTabView.swift in Sources */,
				B4D2DD3929C9FF20001BBA84 /* CoverRowItem.swift in Sources */,
				B471D3E529FBE1A9001C15DD /* TermDatesFileReader.swift in Sources */,
				B44ACBF22E82D48000EAC45E /* CoverUser.swift in Sources */,
				B448D1112A0E765000C2B0FB /* DepartmentCoverDao.swift in Sources */,
				B4811728299259F0003F7085 /* TimetableFileReader.swift in Sources */,
				B4FE54642C93393E000033C3 /* SettingsView.swift in Sources */,
				B4D2DD3B29CA089F001BBA84 /* CoverTallyView.swift in Sources */,
				B4EE257D2B90DDB2005CCC6E /* CSVGenerator.swift in Sources */,
				B4E9C3902A0428D200E385C6 /* UserDefaults.swift in Sources */,
				B4D2DD3529C9F67E001BBA84 /* FileManager.swift in Sources */,
				B44ACBF62E82D62F00EAC45E /* LoginView.swift in Sources */,
				B44ACBF02E82D2AF00EAC45E /* LoginViewModel.swift in Sources */,
				B4E9C3922A0444EF00E385C6 /* LaunchScreenView.swift in Sources */,
				B469C45A299262F000DEB92F /* CoverManager.swift in Sources */,
				B4FE54662C933993000033C3 /* ManageTeamView.swift in Sources */,
				B461AF6629BA2A50005F216E /* Date.swift in Sources */,
				B48117262992578A003F7085 /* Timetable.swift in Sources */,
				B443DF6F2D48F9DF0034C68A /* ExportDataView.swift in Sources */,
				B4D2DD5B29CC666E001BBA84 /* MailHandler.swift in Sources */,
			);
			runOnlyForDeploymentPostprocessing = 0;
		};
		B481170429924F7C003F7085 /* Sources */ = {
			isa = PBXSourcesBuildPhase;
			buildActionMask = 2147483647;
			files = (
				B481172E29925B88003F7085 /* TimetableFileReaderTest.swift in Sources */,
				B471D3E929FBE991001C15DD /* TermDatesFileReaderTest.swift in Sources */,
				B4838FAE299394C500100C33 /* TimetableTest.swift in Sources */,
				B4E41A822A029AAA00DF19F8 /* TermDatesTest.swift in Sources */,
				B481170D29924F7C003F7085 /* CoverMeTests.swift in Sources */,
				B469C45E29926A9C00DEB92F /* CoverManagerTest.swift in Sources */,
			);
			runOnlyForDeploymentPostprocessing = 0;
		};
		B481170E29924F7C003F7085 /* Sources */ = {
			isa = PBXSourcesBuildPhase;
			buildActionMask = 2147483647;
			files = (
				B481171929924F7C003F7085 /* CoverMeUITestsLaunchTests.swift in Sources */,
				B481171729924F7C003F7085 /* CoverMeUITests.swift in Sources */,
			);
			runOnlyForDeploymentPostprocessing = 0;
		};
/* End PBXSourcesBuildPhase section */

/* Begin PBXTargetDependency section */
		B481170A29924F7C003F7085 /* PBXTargetDependency */ = {
			isa = PBXTargetDependency;
			target = B48116F729924F7A003F7085 /* CoverMe */;
			targetProxy = B481170929924F7C003F7085 /* PBXContainerItemProxy */;
		};
		B481171429924F7C003F7085 /* PBXTargetDependency */ = {
			isa = PBXTargetDependency;
			target = B48116F729924F7A003F7085 /* CoverMe */;
			targetProxy = B481171329924F7C003F7085 /* PBXContainerItemProxy */;
		};
/* End PBXTargetDependency section */

/* Begin XCBuildConfiguration section */
		B481171A29924F7C003F7085 /* Debug */ = {
			isa = XCBuildConfiguration;
			buildSettings = {
				ALWAYS_SEARCH_USER_PATHS = NO;
				CLANG_ANALYZER_NONNULL = YES;
				CLANG_ANALYZER_NUMBER_OBJECT_CONVERSION = YES_AGGRESSIVE;
				CLANG_CXX_LANGUAGE_STANDARD = "gnu++20";
				CLANG_ENABLE_MODULES = YES;
				CLANG_ENABLE_OBJC_ARC = YES;
				CLANG_ENABLE_OBJC_WEAK = YES;
				CLANG_WARN_BLOCK_CAPTURE_AUTORELEASING = YES;
				CLANG_WARN_BOOL_CONVERSION = YES;
				CLANG_WARN_COMMA = YES;
				CLANG_WARN_CONSTANT_CONVERSION = YES;
				CLANG_WARN_DEPRECATED_OBJC_IMPLEMENTATIONS = YES;
				CLANG_WARN_DIRECT_OBJC_ISA_USAGE = YES_ERROR;
				CLANG_WARN_DOCUMENTATION_COMMENTS = YES;
				CLANG_WARN_EMPTY_BODY = YES;
				CLANG_WARN_ENUM_CONVERSION = YES;
				CLANG_WARN_INFINITE_RECURSION = YES;
				CLANG_WARN_INT_CONVERSION = YES;
				CLANG_WARN_NON_LITERAL_NULL_CONVERSION = YES;
				CLANG_WARN_OBJC_IMPLICIT_RETAIN_SELF = YES;
				CLANG_WARN_OBJC_LITERAL_CONVERSION = YES;
				CLANG_WARN_OBJC_ROOT_CLASS = YES_ERROR;
				CLANG_WARN_QUOTED_INCLUDE_IN_FRAMEWORK_HEADER = YES;
				CLANG_WARN_RANGE_LOOP_ANALYSIS = YES;
				CLANG_WARN_STRICT_PROTOTYPES = YES;
				CLANG_WARN_SUSPICIOUS_MOVE = YES;
				CLANG_WARN_UNGUARDED_AVAILABILITY = YES_AGGRESSIVE;
				CLANG_WARN_UNREACHABLE_CODE = YES;
				CLANG_WARN__DUPLICATE_METHOD_MATCH = YES;
				COPY_PHASE_STRIP = NO;
				DEBUG_INFORMATION_FORMAT = dwarf;
				ENABLE_STRICT_OBJC_MSGSEND = YES;
				ENABLE_TESTABILITY = YES;
				GCC_C_LANGUAGE_STANDARD = gnu11;
				GCC_DYNAMIC_NO_PIC = NO;
				GCC_NO_COMMON_BLOCKS = YES;
				GCC_OPTIMIZATION_LEVEL = 0;
				GCC_PREPROCESSOR_DEFINITIONS = (
					"DEBUG=1",
					"$(inherited)",
				);
				GCC_WARN_64_TO_32_BIT_CONVERSION = YES;
				GCC_WARN_ABOUT_RETURN_TYPE = YES_ERROR;
				GCC_WARN_UNDECLARED_SELECTOR = YES;
				GCC_WARN_UNINITIALIZED_AUTOS = YES_AGGRESSIVE;
				GCC_WARN_UNUSED_FUNCTION = YES;
				GCC_WARN_UNUSED_VARIABLE = YES;
				IPHONEOS_DEPLOYMENT_TARGET = 16.0;
				MTL_ENABLE_DEBUG_INFO = INCLUDE_SOURCE;
				MTL_FAST_MATH = YES;
				ONLY_ACTIVE_ARCH = YES;
				SDKROOT = iphoneos;
				SWIFT_ACTIVE_COMPILATION_CONDITIONS = DEBUG;
				SWIFT_OPTIMIZATION_LEVEL = "-Onone";
			};
			name = Debug;
		};
		B481171B29924F7C003F7085 /* Release */ = {
			isa = XCBuildConfiguration;
			buildSettings = {
				ALWAYS_SEARCH_USER_PATHS = NO;
				CLANG_ANALYZER_NONNULL = YES;
				CLANG_ANALYZER_NUMBER_OBJECT_CONVERSION = YES_AGGRESSIVE;
				CLANG_CXX_LANGUAGE_STANDARD = "gnu++20";
				CLANG_ENABLE_MODULES = YES;
				CLANG_ENABLE_OBJC_ARC = YES;
				CLANG_ENABLE_OBJC_WEAK = YES;
				CLANG_WARN_BLOCK_CAPTURE_AUTORELEASING = YES;
				CLANG_WARN_BOOL_CONVERSION = YES;
				CLANG_WARN_COMMA = YES;
				CLANG_WARN_CONSTANT_CONVERSION = YES;
				CLANG_WARN_DEPRECATED_OBJC_IMPLEMENTATIONS = YES;
				CLANG_WARN_DIRECT_OBJC_ISA_USAGE = YES_ERROR;
				CLANG_WARN_DOCUMENTATION_COMMENTS = YES;
				CLANG_WARN_EMPTY_BODY = YES;
				CLANG_WARN_ENUM_CONVERSION = YES;
				CLANG_WARN_INFINITE_RECURSION = YES;
				CLANG_WARN_INT_CONVERSION = YES;
				CLANG_WARN_NON_LITERAL_NULL_CONVERSION = YES;
				CLANG_WARN_OBJC_IMPLICIT_RETAIN_SELF = YES;
				CLANG_WARN_OBJC_LITERAL_CONVERSION = YES;
				CLANG_WARN_OBJC_ROOT_CLASS = YES_ERROR;
				CLANG_WARN_QUOTED_INCLUDE_IN_FRAMEWORK_HEADER = YES;
				CLANG_WARN_RANGE_LOOP_ANALYSIS = YES;
				CLANG_WARN_STRICT_PROTOTYPES = YES;
				CLANG_WARN_SUSPICIOUS_MOVE = YES;
				CLANG_WARN_UNGUARDED_AVAILABILITY = YES_AGGRESSIVE;
				CLANG_WARN_UNREACHABLE_CODE = YES;
				CLANG_WARN__DUPLICATE_METHOD_MATCH = YES;
				COPY_PHASE_STRIP = NO;
				DEBUG_INFORMATION_FORMAT = "dwarf-with-dsym";
				ENABLE_NS_ASSERTIONS = NO;
				ENABLE_STRICT_OBJC_MSGSEND = YES;
				GCC_C_LANGUAGE_STANDARD = gnu11;
				GCC_NO_COMMON_BLOCKS = YES;
				GCC_WARN_64_TO_32_BIT_CONVERSION = YES;
				GCC_WARN_ABOUT_RETURN_TYPE = YES_ERROR;
				GCC_WARN_UNDECLARED_SELECTOR = YES;
				GCC_WARN_UNINITIALIZED_AUTOS = YES_AGGRESSIVE;
				GCC_WARN_UNUSED_FUNCTION = YES;
				GCC_WARN_UNUSED_VARIABLE = YES;
				IPHONEOS_DEPLOYMENT_TARGET = 16.0;
				MTL_ENABLE_DEBUG_INFO = NO;
				MTL_FAST_MATH = YES;
				SDKROOT = iphoneos;
				SWIFT_COMPILATION_MODE = wholemodule;
				SWIFT_OPTIMIZATION_LEVEL = "-O";
				VALIDATE_PRODUCT = YES;
			};
			name = Release;
		};
		B481171D29924F7C003F7085 /* Debug */ = {
			isa = XCBuildConfiguration;
			buildSettings = {
				ASSETCATALOG_COMPILER_APPICON_NAME = AppIcon;
				ASSETCATALOG_COMPILER_GLOBAL_ACCENT_COLOR_NAME = AccentColor;
				CODE_SIGN_IDENTITY = "Apple Development";
				"CODE_SIGN_IDENTITY[sdk=iphoneos*]" = "iPhone Distribution";
				CODE_SIGN_STYLE = Manual;
				CURRENT_PROJECT_VERSION = 1;
				DEVELOPMENT_ASSET_PATHS = "\"CoverMe/Preview Content\"";
				DEVELOPMENT_TEAM = "";
				"DEVELOPMENT_TEAM[sdk=iphoneos*]" = LQ77FV3284;
				ENABLE_PREVIEWS = YES;
				GENERATE_INFOPLIST_FILE = YES;
				INFOPLIST_FILE = CoverMe/Info.plist;
				INFOPLIST_KEY_UIApplicationSceneManifest_Generation = YES;
				INFOPLIST_KEY_UIApplicationSupportsIndirectInputEvents = YES;
				INFOPLIST_KEY_UILaunchScreen_Generation = YES;
				INFOPLIST_KEY_UISupportedInterfaceOrientations_iPad = "UIInterfaceOrientationPortrait UIInterfaceOrientationPortraitUpsideDown UIInterfaceOrientationLandscapeLeft UIInterfaceOrientationLandscapeRight";
				INFOPLIST_KEY_UISupportedInterfaceOrientations_iPhone = "UIInterfaceOrientationPortrait UIInterfaceOrientationLandscapeLeft UIInterfaceOrientationLandscapeRight";
				IPHONEOS_DEPLOYMENT_TARGET = 16.0;
				LD_RUNPATH_SEARCH_PATHS = (
					"$(inherited)",
					"@executable_path/Frameworks",
				);
				MARKETING_VERSION = 1.2;
				PRODUCT_BUNDLE_IDENTIFIER = com.etoncollege.coverme;
				PRODUCT_NAME = "$(TARGET_NAME)";
				PROVISIONING_PROFILE_SPECIFIER = "";
				"PROVISIONING_PROFILE_SPECIFIER[sdk=iphoneos*]" = "App Store Provisioning Profile for org CoverMe";
				SWIFT_EMIT_LOC_STRINGS = YES;
				SWIFT_VERSION = 5.0;
				TARGETED_DEVICE_FAMILY = "1,2";
			};
			name = Debug;
		};
		B481171E29924F7C003F7085 /* Release */ = {
			isa = XCBuildConfiguration;
			buildSettings = {
				ASSETCATALOG_COMPILER_APPICON_NAME = AppIcon;
				ASSETCATALOG_COMPILER_GLOBAL_ACCENT_COLOR_NAME = AccentColor;
				CODE_SIGN_IDENTITY = "Apple Development";
				"CODE_SIGN_IDENTITY[sdk=iphoneos*]" = "iPhone Distribution";
				CODE_SIGN_STYLE = Manual;
				CURRENT_PROJECT_VERSION = 1;
				DEVELOPMENT_ASSET_PATHS = "\"CoverMe/Preview Content\"";
				DEVELOPMENT_TEAM = "";
				"DEVELOPMENT_TEAM[sdk=iphoneos*]" = LQ77FV3284;
				ENABLE_PREVIEWS = YES;
				GENERATE_INFOPLIST_FILE = YES;
				INFOPLIST_FILE = CoverMe/Info.plist;
				INFOPLIST_KEY_UIApplicationSceneManifest_Generation = YES;
				INFOPLIST_KEY_UIApplicationSupportsIndirectInputEvents = YES;
				INFOPLIST_KEY_UILaunchScreen_Generation = YES;
				INFOPLIST_KEY_UISupportedInterfaceOrientations_iPad = "UIInterfaceOrientationPortrait UIInterfaceOrientationPortraitUpsideDown UIInterfaceOrientationLandscapeLeft UIInterfaceOrientationLandscapeRight";
				INFOPLIST_KEY_UISupportedInterfaceOrientations_iPhone = "UIInterfaceOrientationPortrait UIInterfaceOrientationLandscapeLeft UIInterfaceOrientationLandscapeRight";
				IPHONEOS_DEPLOYMENT_TARGET = 16.0;
				LD_RUNPATH_SEARCH_PATHS = (
					"$(inherited)",
					"@executable_path/Frameworks",
				);
				MARKETING_VERSION = 1.2;
				PRODUCT_BUNDLE_IDENTIFIER = com.etoncollege.coverme;
				PRODUCT_NAME = "$(TARGET_NAME)";
				PROVISIONING_PROFILE_SPECIFIER = "";
				"PROVISIONING_PROFILE_SPECIFIER[sdk=iphoneos*]" = "App Store Provisioning Profile for org CoverMe";
				SWIFT_EMIT_LOC_STRINGS = YES;
				SWIFT_VERSION = 5.0;
				TARGETED_DEVICE_FAMILY = "1,2";
			};
			name = Release;
		};
		B481172029924F7C003F7085 /* Debug */ = {
			isa = XCBuildConfiguration;
			buildSettings = {
				ALWAYS_EMBED_SWIFT_STANDARD_LIBRARIES = YES;
				BUNDLE_LOADER = "$(TEST_HOST)";
				CODE_SIGN_STYLE = Automatic;
				CURRENT_PROJECT_VERSION = 1;
				GENERATE_INFOPLIST_FILE = YES;
				IPHONEOS_DEPLOYMENT_TARGET = 15.3;
				MARKETING_VERSION = 1.0;
				PRODUCT_BUNDLE_IDENTIFIER = com.mrcormell.CoverMeTests;
				PRODUCT_NAME = "$(TARGET_NAME)";
				SWIFT_EMIT_LOC_STRINGS = NO;
				SWIFT_VERSION = 5.0;
				TARGETED_DEVICE_FAMILY = "1,2";
				TEST_HOST = "$(BUILT_PRODUCTS_DIR)/CoverMe.app/CoverMe";
			};
			name = Debug;
		};
		B481172129924F7C003F7085 /* Release */ = {
			isa = XCBuildConfiguration;
			buildSettings = {
				ALWAYS_EMBED_SWIFT_STANDARD_LIBRARIES = YES;
				BUNDLE_LOADER = "$(TEST_HOST)";
				CODE_SIGN_STYLE = Automatic;
				CURRENT_PROJECT_VERSION = 1;
				GENERATE_INFOPLIST_FILE = YES;
				IPHONEOS_DEPLOYMENT_TARGET = 15.3;
				MARKETING_VERSION = 1.0;
				PRODUCT_BUNDLE_IDENTIFIER = com.mrcormell.CoverMeTests;
				PRODUCT_NAME = "$(TARGET_NAME)";
				SWIFT_EMIT_LOC_STRINGS = NO;
				SWIFT_VERSION = 5.0;
				TARGETED_DEVICE_FAMILY = "1,2";
				TEST_HOST = "$(BUILT_PRODUCTS_DIR)/CoverMe.app/CoverMe";
			};
			name = Release;
		};
		B481172329924F7C003F7085 /* Debug */ = {
			isa = XCBuildConfiguration;
			buildSettings = {
				ALWAYS_EMBED_SWIFT_STANDARD_LIBRARIES = YES;
				CODE_SIGN_STYLE = Automatic;
				CURRENT_PROJECT_VERSION = 1;
				GENERATE_INFOPLIST_FILE = YES;
				MARKETING_VERSION = 1.0;
				PRODUCT_BUNDLE_IDENTIFIER = com.mrcormell.CoverMeUITests;
				PRODUCT_NAME = "$(TARGET_NAME)";
				SWIFT_EMIT_LOC_STRINGS = NO;
				SWIFT_VERSION = 5.0;
				TARGETED_DEVICE_FAMILY = "1,2";
				TEST_TARGET_NAME = CoverMe;
			};
			name = Debug;
		};
		B481172429924F7C003F7085 /* Release */ = {
			isa = XCBuildConfiguration;
			buildSettings = {
				ALWAYS_EMBED_SWIFT_STANDARD_LIBRARIES = YES;
				CODE_SIGN_STYLE = Automatic;
				CURRENT_PROJECT_VERSION = 1;
				GENERATE_INFOPLIST_FILE = YES;
				MARKETING_VERSION = 1.0;
				PRODUCT_BUNDLE_IDENTIFIER = com.mrcormell.CoverMeUITests;
				PRODUCT_NAME = "$(TARGET_NAME)";
				SWIFT_EMIT_LOC_STRINGS = NO;
				SWIFT_VERSION = 5.0;
				TARGETED_DEVICE_FAMILY = "1,2";
				TEST_TARGET_NAME = CoverMe;
			};
			name = Release;
		};
/* End XCBuildConfiguration section */

/* Begin XCConfigurationList section */
		B48116F329924F7A003F7085 /* Build configuration list for PBXProject "CoverMe" */ = {
			isa = XCConfigurationList;
			buildConfigurations = (
				B481171A29924F7C003F7085 /* Debug */,
				B481171B29924F7C003F7085 /* Release */,
			);
			defaultConfigurationIsVisible = 0;
			defaultConfigurationName = Release;
		};
		B481171C29924F7C003F7085 /* Build configuration list for PBXNativeTarget "CoverMe" */ = {
			isa = XCConfigurationList;
			buildConfigurations = (
				B481171D29924F7C003F7085 /* Debug */,
				B481171E29924F7C003F7085 /* Release */,
			);
			defaultConfigurationIsVisible = 0;
			defaultConfigurationName = Release;
		};
		B481171F29924F7C003F7085 /* Build configuration list for PBXNativeTarget "CoverMeTests" */ = {
			isa = XCConfigurationList;
			buildConfigurations = (
				B481172029924F7C003F7085 /* Debug */,
				B481172129924F7C003F7085 /* Release */,
			);
			defaultConfigurationIsVisible = 0;
			defaultConfigurationName = Release;
		};
		B481172229924F7C003F7085 /* Build configuration list for PBXNativeTarget "CoverMeUITests" */ = {
			isa = XCConfigurationList;
			buildConfigurations = (
				B481172329924F7C003F7085 /* Debug */,
				B481172429924F7C003F7085 /* Release */,
			);
			defaultConfigurationIsVisible = 0;
			defaultConfigurationName = Release;
		};
/* End XCConfigurationList section */

/* Begin XCRemoteSwiftPackageReference section */
		B448D10C2A0E626100C2B0FB /* XCRemoteSwiftPackageReference "Parse-Swift" */ = {
			isa = XCRemoteSwiftPackageReference;
			repositoryURL = "https://github.com/parse-community/Parse-Swift";
			requirement = {
				kind = upToNextMajorVersion;
				minimumVersion = 4.0.0;
			};
		};
/* End XCRemoteSwiftPackageReference section */

/* Begin XCSwiftPackageProductDependency section */
		B448D10D2A0E626100C2B0FB /* ParseSwift */ = {
			isa = XCSwiftPackageProductDependency;
			package = B448D10C2A0E626100C2B0FB /* XCRemoteSwiftPackageReference "Parse-Swift" */;
			productName = ParseSwift;
		};
/* End XCSwiftPackageProductDependency section */
	};
	rootObject = B48116F029924F7A003F7085 /* Project object */;
}
